
Microsoft Visual Studio Solution File, Format Version 12.00
# Visual Studio Version 17
VisualStudioVersion = 17.6.33829.357
MinimumVisualStudioVersion = 10.0.40219.1
Project("{FAE04EC0-301F-11D3-BF4B-00C04F79EFBC}") = "winform-app-with-cfritz", "winform-app-with-cfritz.csproj", "{11B2000D-AEA4-456A-B1F6-C8028D659EDC}"
EndProject
Global
	GlobalSection(SolutionConfigurationPlatforms) = preSolution
		Debug|Any CPU = Debug|Any CPU
		Release|Any CPU = Release|Any CPU
	EndGlobalSection
	GlobalSection(ProjectConfigurationPlatforms) = postSolution
		{11B2000D-AEA4-456A-B1F6-C8028D659EDC}.Debug|Any CPU.ActiveCfg = Debug|Any CPU
		{11B2000D-AEA4-456A-B1F6-C8028D659EDC}.Debug|Any CPU.Build.0 = Debug|Any CPU
		{11B2000D-AEA4-456A-B1F6-C8028D659EDC}.Release|Any CPU.ActiveCfg = Release|Any CPU
		{11B2000D-AEA4-456A-B1F6-C8028D659EDC}.Release|Any CPU.Build.0 = Release|Any CPU
	EndGlobalSection
	GlobalSection(SolutionProperties) = preSolution
		HideSolutionNode = FALSE
	EndGlobalSection
	GlobalSection(ExtensibilityGlobals) = postSolution
		SolutionGuid = {A612C6A1-4F6F-4935-83F3-E58AAC968C3E}
	EndGlobalSection
EndGlobal
